<?xml version="1.0" encoding="utf-8"?>
<Project ToolsVersion="4.0" xmlns="http://schemas.microsoft.com/developer/msbuild/2003">
  <ItemGroup>
    <Filter Include="Source Files">
      <UniqueIdentifier>{4FC737F1-C7A5-4376-A066-2A32D752A2FF}</UniqueIdentifier>
      <Extensions>cpp;c;cc;cxx;def;odl;idl;hpj;bat;asm;asmx</Extensions>
    </Filter>
    <Filter Include="Header Files">
      <UniqueIdentifier>{93995380-89BD-4b04-88EB-625FBE52EBFB}</UniqueIdentifier>
      <Extensions>h;hh;hpp;hxx;hm;inl;inc;xsd</Extensions>
    </Filter>
    <Filter Include="Resource Files">
      <UniqueIdentifier>{D9D6E242-F8AF-46E4-B9FD-80ECBC20BA3E}</UniqueIdentifier>
      <Extensions>qrc;*</Extensions>
      <ParseFiles>false</ParseFiles>
    </Filter>
    <Filter Include="Form Files">
      <UniqueIdentifier>{99349809-55BA-4b9d-BF79-8FDBB0286EB3}</UniqueIdentifier>
      <Extensions>ui</Extensions>
    </Filter>
    <Filter Include="Resource Files">
      <UniqueIdentifier>{D9D6E242-F8AF-46E4-B9FD-80ECBC20BA3E}</UniqueIdentifier>
      <Extensions>qrc;*</Extensions>
      <ParseFiles>false</ParseFiles>
    </Filter>
  </ItemGroup>
  <ItemGroup>
    <ClCompile Include="main.cpp">
      <Filter>Source Files</Filter>
    </ClCompile>
    <ClCompile Include="stdafx.cpp">
      <Filter>Source Files</Filter>
    </ClCompile>
    <ClCompile Include="Horizon.cpp">
      <Filter>Source Files</Filter>
    </ClCompile>
    <ClCompile Include="ScaleWidget.cpp">
      <Filter>Source Files</Filter>
    </ClCompile>
    <ClCompile Include="SmartEdit.cpp">
      <Filter>Source Files</Filter>
    </ClCompile>
    <ClCompile Include="newFileDialog.cpp">
      <Filter>Source Files</Filter>
    </ClCompile>
    <ClCompile Include="Parser\FromAutoTools\Production.cpp">
      <Filter>Source Files</Filter>
    </ClCompile>
    <ClCompile Include="Parser\FromAutoTools\ProductionSym.cpp">
      <Filter>Source Files</Filter>
    </ClCompile>
    <ClCompile Include="Parser\FromAutoTools\Reader.cpp">
      <Filter>Source Files</Filter>
    </ClCompile>
    <ClCompile Include="Parser\FromLexer\MyLexer.cpp">
      <Filter>Source Files</Filter>
    </ClCompile>
    <ClCompile Include="Parser\MyParser.cpp">
      <Filter>Source Files</Filter>
    </ClCompile>
    <ClCompile Include="Parser\Variable.cpp">
      <Filter>Source Files</Filter>
    </ClCompile>
    <ClCompile Include="Parser\ValListAST.cpp">
      <Filter>Source Files</Filter>
    </ClCompile>
    <ClCompile Include="Parser\ExpListAST.cpp">
      <Filter>Source Files</Filter>
    </ClCompile>
    <ClCompile Include="Parser\SingleVarDecAST.cpp">
      <Filter>Source Files</Filter>
    </ClCompile>
    <ClCompile Include="Parser\VarNameAST.cpp">
      <Filter>Source Files</Filter>
    </ClCompile>
    <ClCompile Include="Parser\ExpAST.cpp">
      <Filter>Source Files</Filter>
    </ClCompile>
    <ClCompile Include="Parser\IdItemAST.cpp">
      <Filter>Source Files</Filter>
    </ClCompile>
    <ClCompile Include="Parser\RealParaItemAST.cpp">
      <Filter>Source Files</Filter>
    </ClCompile>
    <ClCompile Include="Parser\AssignStmtAST.cpp">
      <Filter>Source Files</Filter>
    </ClCompile>
    <ClCompile Include="Parser\RealParaListAST.cpp">
      <Filter>Source Files</Filter>
    </ClCompile>
    <ClCompile Include="Parser\DirectTypeSpecifyAST.cpp">
      <Filter>Source Files</Filter>
    </ClCompile>
    <ClCompile Include="Parser\StructDecAST.cpp">
      <Filter>Source Files</Filter>
    </ClCompile>
    <ClCompile Include="Parser\ValAST.cpp">
      <Filter>Source Files</Filter>
    </ClCompile>
    <ClCompile Include="Parser\IdentifierAST.cpp">
      <Filter>Source Files</Filter>
    </ClCompile>
    <ClCompile Include="Parser\IntAST.cpp">
      <Filter>Source Files</Filter>
    </ClCompile>
    <ClCompile Include="Parser\OtherSymAST.cpp">
      <Filter>Source Files</Filter>
    </ClCompile>
    <ClCompile Include="Parser\RealAST.cpp">
      <Filter>Source Files</Filter>
    </ClCompile>
    <ClCompile Include="Parser\TypeAST.cpp">
      <Filter>Source Files</Filter>
    </ClCompile>
    <ClCompile Include="Parser\NumberAST.cpp">
      <Filter>Source Files</Filter>
    </ClCompile>
    <ClCompile Include="Parser\FuncDefineAST.cpp">
      <Filter>Source Files</Filter>
    </ClCompile>
    <ClCompile Include="Parser\FuncCallStmtAST.cpp">
      <Filter>Source Files</Filter>
    </ClCompile>
    <ClCompile Include="Parser\DecVarNameAST.cpp">
      <Filter>Source Files</Filter>
    </ClCompile>
    <ClCompile Include="Parser\CharAST.cpp">
      <Filter>Source Files</Filter>
    </ClCompile>
    <ClCompile Include="Parser\StringAST.cpp">
      <Filter>Source Files</Filter>
    </ClCompile>
    <ClCompile Include="Parser\AST.cpp">
      <Filter>Source Files</Filter>
    </ClCompile>
    <ClCompile Include="Parser\OperatorAST.cpp">
      <Filter>Source Files</Filter>
    </ClCompile>
    <ClCompile Include="Parser\VarListAST.cpp">
      <Filter>Source Files</Filter>
    </ClCompile>
    <ClCompile Include="Parser\EndAST.cpp">
      <Filter>Source Files</Filter>
    </ClCompile>
    <ClCompile Include="Parser\ReturnStmtAST.cpp">
      <Filter>Source Files</Filter>
    </ClCompile>
    <ClCompile Include="Parser\WhileStmtAST.cpp">
      <Filter>Source Files</Filter>
    </ClCompile>
    <ClCompile Include="Parser\IfStmtAST.cpp">
      <Filter>Source Files</Filter>
    </ClCompile>
    <ClCompile Include="Parser\StmtsAST.cpp">
      <Filter>Source Files</Filter>
    </ClCompile>
    <ClCompile Include="Parser\IdListAST.cpp">
      <Filter>Source Files</Filter>
    </ClCompile>
    <ClCompile Include="Parser\FormalParaItemAST.cpp">
      <Filter>Source Files</Filter>
    </ClCompile>
    <ClCompile Include="Parser\FormalParaListAST.cpp">
      <Filter>Source Files</Filter>
    </ClCompile>
    <ClCompile Include="Parser\PointerAST.cpp">
      <Filter>Source Files</Filter>
    </ClCompile>
    <ClCompile Include="Parser\PointerTypeSpecifyAST.cpp">
      <Filter>Source Files</Filter>
    </ClCompile>
    <ClCompile Include="Parser\VarDecAST.cpp">
      <Filter>Source Files</Filter>
    </ClCompile>
    <ClCompile Include="Parser\TypeSpecifyAST.cpp">
      <Filter>Source Files</Filter>
    </ClCompile>
    <ClCompile Include="Parser\ProgramAST.cpp">
      <Filter>Source Files</Filter>
    </ClCompile>
    <ClCompile Include="Parser\BreakStmtAST.cpp">
      <Filter>Source Files</Filter>
    </ClCompile>
    <ClCompile Include="Parser\ContinueStmtAST.cpp">
      <Filter>Source Files</Filter>
    </ClCompile>
    <ClCompile Include="Parser\DecExpAST.cpp">
      <Filter>Source Files</Filter>
    </ClCompile>
    <ClCompile Include="Parser\Struct.cpp">
      <Filter>Source Files</Filter>
    </ClCompile>
    <ClCompile Include="Parser\StmtAST.cpp">
      <Filter>Source Files</Filter>
    </ClCompile>
  </ItemGroup>
  <ItemGroup>
    <ClInclude Include="stdafx.h">
      <Filter>Header Files</Filter>
    </ClInclude>
    <ClInclude Include="Parser\FromAutoTools\Production.h">
      <Filter>Header Files</Filter>
    </ClInclude>
    <ClInclude Include="Parser\FromAutoTools\ProductionSym.h">
      <Filter>Header Files</Filter>
    </ClInclude>
    <ClInclude Include="Parser\FromAutoTools\Reader.h">
      <Filter>Header Files</Filter>
    </ClInclude>
    <ClInclude Include="Parser\FromLexer\header.h">
      <Filter>Header Files</Filter>
    </ClInclude>
    <ClInclude Include="Parser\FromLexer\MyLexer.h">
      <Filter>Header Files</Filter>
    </ClInclude>
    <ClInclude Include="Parser\Variable.h">
      <Filter>Header Files</Filter>
    </ClInclude>
    <ClInclude Include="Parser\DecVarNameAST.h">
      <Filter>Header Files</Filter>
    </ClInclude>
    <ClInclude Include="Parser\ExpAST.h">
      <Filter>Header Files</Filter>
    </ClInclude>
    <ClInclude Include="Parser\FuncCallStmtAST.h">
      <Filter>Header Files</Filter>
    </ClInclude>
    <ClInclude Include="Parser\SingleVarDecAST.h">
      <Filter>Header Files</Filter>
    </ClInclude>
    <ClInclude Include="Parser\MyParser.h">
      <Filter>Header Files</Filter>
    </ClInclude>
    <ClInclude Include="Parser\ValListAST.h">
      <Filter>Header Files</Filter>
    </ClInclude>
    <ClInclude Include="Parser\VarNameAST.h">
      <Filter>Header Files</Filter>
    </ClInclude>
    <ClInclude Include="Parser\ExpListAST.h">
      <Filter>Header Files</Filter>
    </ClInclude>
    <ClInclude Include="Parser\Enums_Structs.h">
      <Filter>Header Files</Filter>
    </ClInclude>
    <ClInclude Include="Parser\IdItemAST.h">
      <Filter>Header Files</Filter>
    </ClInclude>
    <ClInclude Include="Parser\RealParaItemAST.h">
      <Filter>Header Files</Filter>
    </ClInclude>
    <ClInclude Include="Parser\AssignStmtAST.h">
      <Filter>Header Files</Filter>
    </ClInclude>
    <ClInclude Include="Parser\OtherSymAST.h">
      <Filter>Header Files</Filter>
    </ClInclude>
    <ClInclude Include="Parser\OperatorAST.h">
      <Filter>Header Files</Filter>
    </ClInclude>
    <ClInclude Include="Parser\AST.h">
      <Filter>Header Files</Filter>
    </ClInclude>
    <ClInclude Include="Parser\TypeAST.h">
      <Filter>Header Files</Filter>
    </ClInclude>
    <ClInclude Include="Parser\StmtAST.h">
      <Filter>Header Files</Filter>
    </ClInclude>
    <ClInclude Include="Parser\VarListAST.h">
      <Filter>Header Files</Filter>
    </ClInclude>
    <ClInclude Include="Parser\DirectTypeSpecifyAST.h">
      <Filter>Header Files</Filter>
    </ClInclude>
    <ClInclude Include="Parser\TypeSpecifyAST.h">
      <Filter>Header Files</Filter>
    </ClInclude>
    <ClInclude Include="Parser\DecExpAST.h">
      <Filter>Header Files</Filter>
    </ClInclude>
    <ClInclude Include="Parser\StructDecAST.h">
      <Filter>Header Files</Filter>
    </ClInclude>
    <ClInclude Include="Parser\ValAST.h">
      <Filter>Header Files</Filter>
    </ClInclude>
    <ClInclude Include="Parser\NumberAST.h">
      <Filter>Header Files</Filter>
    </ClInclude>
    <ClInclude Include="Parser\FuncDefineAST.h">
      <Filter>Header Files</Filter>
    </ClInclude>
    <ClInclude Include="Parser\StringAST.h">
      <Filter>Header Files</Filter>
    </ClInclude>
    <ClInclude Include="Parser\CharAST.h">
      <Filter>Header Files</Filter>
    </ClInclude>
    <ClInclude Include="Parser\RealAST.h">
      <Filter>Header Files</Filter>
    </ClInclude>
    <ClInclude Include="Parser\IntAST.h">
      <Filter>Header Files</Filter>
    </ClInclude>
    <ClInclude Include="Parser\IdentifierAST.h">
      <Filter>Header Files</Filter>
    </ClInclude>
    <ClInclude Include="Parser\EndAST.h">
      <Filter>Header Files</Filter>
    </ClInclude>
    <ClInclude Include="Parser\RealParaListAST.h">
      <Filter>Header Files</Filter>
    </ClInclude>
    <ClInclude Include="Parser\ContinueStmtAST.h">
      <Filter>Header Files</Filter>
    </ClInclude>
    <ClInclude Include="Parser\BreakStmtAST.h">
      <Filter>Header Files</Filter>
    </ClInclude>
    <ClInclude Include="Parser\ReturnStmtAST.h">
      <Filter>Header Files</Filter>
    </ClInclude>
    <ClInclude Include="Parser\WhileStmtAST.h">
      <Filter>Header Files</Filter>
    </ClInclude>
    <ClInclude Include="Parser\IfStmtAST.h">
      <Filter>Header Files</Filter>
    </ClInclude>
    <ClInclude Include="Parser\StmtsAST.h">
      <Filter>Header Files</Filter>
    </ClInclude>
    <ClInclude Include="Parser\IdListAST.h">
      <Filter>Header Files</Filter>
    </ClInclude>
    <ClInclude Include="Parser\FormalParaItemAST.h">
      <Filter>Header Files</Filter>
    </ClInclude>
    <ClInclude Include="Parser\FormalParaListAST.h">
      <Filter>Header Files</Filter>
    </ClInclude>
    <ClInclude Include="Parser\PointerAST.h">
      <Filter>Header Files</Filter>
    </ClInclude>
    <ClInclude Include="Parser\PointerTypeSpecifyAST.h">
      <Filter>Header Files</Filter>
    </ClInclude>
    <ClInclude Include="Parser\VarDecAST.h">
      <Filter>Header Files</Filter>
    </ClInclude>
    <ClInclude Include="Parser\ProgramAST.h">
      <Filter>Header Files</Filter>
    </ClInclude>
    <ClInclude Include="Parser\Struct.h">
      <Filter>Header Files</Filter>
    </ClInclude>
  </ItemGroup>
  <ItemGroup>
    <QtMoc Include="Horizon.h">
      <Filter>Header Files</Filter>
    </QtMoc>
    <QtMoc Include="ScaleWidget.h">
      <Filter>Header Files</Filter>
    </QtMoc>
    <QtMoc Include="SmartEdit.h">
      <Filter>Header Files</Filter>
    </QtMoc>
    <QtMoc Include="newFileDialog.h">
      <Filter>Header Files</Filter>
    </QtMoc>
  </ItemGroup>
  <ItemGroup>
    <QtUic Include="Horizon.ui">
      <Filter>Form Files</Filter>
    </QtUic>
    <QtUic Include="newFileDialog.ui">
      <Filter>Form Files</Filter>
    </QtUic>
  </ItemGroup>
  <ItemGroup>
    <QtRcc Include="Horizon.qrc">
      <Filter>Resource Files</Filter>
    </QtRcc>
  </ItemGroup>
  <ItemGroup>
    <ResourceCompile Include="Horizon.rc" />
  </ItemGroup>
</Project>